<?xml version="1.0" encoding="utf-8"?>
<Project ToolsVersion="4.0" xmlns="http://schemas.microsoft.com/developer/msbuild/2003">
  <ItemGroup>
    <Filter Include="Fichiers sources">
      <UniqueIdentifier>{4FC737F1-C7A5-4376-A066-2A32D752A2FF}</UniqueIdentifier>
      <Extensions>cpp;c;cc;cxx;def;odl;idl;hpj;bat;asm;asmx</Extensions>
    </Filter>
    <Filter Include="Fichiers d%27en-tête">
      <UniqueIdentifier>{93995380-89BD-4b04-88EB-625FBE52EBFB}</UniqueIdentifier>
      <Extensions>h;hh;hpp;hxx;hm;inl;inc;ipp;xsd</Extensions>
    </Filter>
    <Filter Include="Fichiers de ressources">
      <UniqueIdentifier>{67DA6AB6-F800-4c08-8B7A-83BB121AAD01}</UniqueIdentifier>
      <Extensions>rc;ico;cur;bmp;dlg;rc2;rct;bin;rgs;gif;jpg;jpeg;jpe;resx;tiff;tif;png;wav;mfcribbon-ms</Extensions>
    </Filter>
    <Filter Include="Fichiers d%27en-tête\acceleration">
      <UniqueIdentifier>{8b75ac65-b52d-4e39-9948-82ac25da1ec1}</UniqueIdentifier>
    </Filter>
    <Filter Include="Fichiers d%27en-tête\cameras">
      <UniqueIdentifier>{f8f33342-0dea-44d9-be0e-9d3f406faa60}</UniqueIdentifier>
    </Filter>
    <Filter Include="Fichiers d%27en-tête\entities">
      <UniqueIdentifier>{3b498d05-010d-4792-98cd-3abbdc099e4d}</UniqueIdentifier>
    </Filter>
    <Filter Include="Fichiers d%27en-tête\functions">
      <UniqueIdentifier>{55dbc96b-1ada-4512-a6dd-6e98971a5dcb}</UniqueIdentifier>
    </Filter>
    <Filter Include="Fichiers d%27en-tête\materials">
      <UniqueIdentifier>{813dbc6b-ecd5-43c1-8759-3ee3b18f5fc6}</UniqueIdentifier>
    </Filter>
    <Filter Include="Fichiers d%27en-tête\skyboxes">
      <UniqueIdentifier>{feec19b0-a386-423b-b221-a523f64a920d}</UniqueIdentifier>
    </Filter>
    <Filter Include="Fichiers d%27en-tête\shapes">
      <UniqueIdentifier>{c2c2f912-e8e1-4821-ae57-62c90a6c304c}</UniqueIdentifier>
    </Filter>
    <Filter Include="Fichiers sources\acceleration">
      <UniqueIdentifier>{d40e4334-3c1e-454b-834b-ec9fe66f5b1d}</UniqueIdentifier>
    </Filter>
    <Filter Include="Fichiers sources\cameras">
      <UniqueIdentifier>{d9e0b634-2067-4fa1-a57d-44a69f1f90a3}</UniqueIdentifier>
    </Filter>
    <Filter Include="Fichiers sources\entities">
      <UniqueIdentifier>{4364303e-dc2b-4294-8122-3e2389b2692c}</UniqueIdentifier>
    </Filter>
    <Filter Include="Fichiers sources\functions">
      <UniqueIdentifier>{06a34ae2-8962-4845-9e45-21ee887756a8}</UniqueIdentifier>
    </Filter>
    <Filter Include="Fichiers sources\materials">
      <UniqueIdentifier>{3ec07f2b-8700-48d8-a570-1d09b010b621}</UniqueIdentifier>
    </Filter>
    <Filter Include="Fichiers sources\shapes">
      <UniqueIdentifier>{d1cf656b-3f14-48cb-a108-bf4287a990e4}</UniqueIdentifier>
    </Filter>
    <Filter Include="Fichiers sources\skyboxes">
      <UniqueIdentifier>{319b3d03-ccc3-441a-865f-5d5523514e71}</UniqueIdentifier>
    </Filter>
  </ItemGroup>
  <ItemGroup>
    <ClInclude Include="acceleration\AccelerationGrid_t.h">
      <Filter>Fichiers d%27en-tête\acceleration</Filter>
    </ClInclude>
    <ClInclude Include="acceleration\AccelerationGridArray_t.h">
      <Filter>Fichiers d%27en-tête\acceleration</Filter>
    </ClInclude>
    <ClInclude Include="acceleration\AccelerationGridVector_t.h">
      <Filter>Fichiers d%27en-tête\acceleration</Filter>
    </ClInclude>
    <ClInclude Include="acceleration\AccelerationMultiGrid_t.h">
      <Filter>Fichiers d%27en-tête\acceleration</Filter>
    </ClInclude>
    <ClInclude Include="acceleration\AccelerationMultiGridArray_t.h">
      <Filter>Fichiers d%27en-tête\acceleration</Filter>
    </ClInclude>
    <ClInclude Include="acceleration\AccelerationMultiGridVector_t.h">
      <Filter>Fichiers d%27en-tête\acceleration</Filter>
    </ClInclude>
    <ClInclude Include="acceleration\GridCell_t.h">
      <Filter>Fichiers d%27en-tête\acceleration</Filter>
    </ClInclude>
    <ClInclude Include="acceleration\GridCellArray_t.h">
      <Filter>Fichiers d%27en-tête\acceleration</Filter>
    </ClInclude>
    <ClInclude Include="acceleration\GridCellVector_t.h">
      <Filter>Fichiers d%27en-tête\acceleration</Filter>
    </ClInclude>
    <ClInclude Include="cameras\Cam_t.h">
      <Filter>Fichiers d%27en-tête\cameras</Filter>
    </ClInclude>
    <ClInclude Include="cameras\Cam3D_t.h">
      <Filter>Fichiers d%27en-tête\cameras</Filter>
    </ClInclude>
    <ClInclude Include="cameras\Cam3DAperture_t.h">
      <Filter>Fichiers d%27en-tête\cameras</Filter>
    </ClInclude>
    <ClInclude Include="cameras\Cam3DMotionblur_t.h">
      <Filter>Fichiers d%27en-tête\cameras</Filter>
    </ClInclude>
    <ClInclude Include="cameras\Cam3DMotionblurAperture_t.h">
      <Filter>Fichiers d%27en-tête\cameras</Filter>
    </ClInclude>
    <ClInclude Include="cameras\CamAperture_t.h">
      <Filter>Fichiers d%27en-tête\cameras</Filter>
    </ClInclude>
    <ClInclude Include="cameras\CamMotionblur_t.h">
      <Filter>Fichiers d%27en-tête\cameras</Filter>
    </ClInclude>
    <ClInclude Include="cameras\CamMotionblurAperture_t.h">
      <Filter>Fichiers d%27en-tête\cameras</Filter>
    </ClInclude>
    <ClInclude Include="cameras\IsoCam_t.h">
      <Filter>Fichiers d%27en-tête\cameras</Filter>
    </ClInclude>
    <ClInclude Include="cameras\IsoCamAperture_t.h">
      <Filter>Fichiers d%27en-tête\cameras</Filter>
    </ClInclude>
    <ClInclude Include="cameras\IsoCamMotionblur_t.h">
      <Filter>Fichiers d%27en-tête\cameras</Filter>
    </ClInclude>
    <ClInclude Include="cameras\IsoCamMotionblurAperture_t.h">
      <Filter>Fichiers d%27en-tête\cameras</Filter>
    </ClInclude>
    <ClInclude Include="cameras\RecCam_t.h">
      <Filter>Fichiers d%27en-tête\cameras</Filter>
    </ClInclude>
    <ClInclude Include="cameras\RecCamAperture_t.h">
      <Filter>Fichiers d%27en-tête\cameras</Filter>
    </ClInclude>
    <ClInclude Include="cameras\RecCamMotionblur_t.h">
      <Filter>Fichiers d%27en-tête\cameras</Filter>
    </ClInclude>
    <ClInclude Include="cameras\RecCamMotionblurAperture_t.h">
      <Filter>Fichiers d%27en-tête\cameras</Filter>
    </ClInclude>
    <ClInclude Include="entities\AccelerationStructure_t.h">
      <Filter>Fichiers d%27en-tête\entities</Filter>
    </ClInclude>
    <ClInclude Include="entities\Camera_t.h">
      <Filter>Fichiers d%27en-tête\entities</Filter>
    </ClInclude>
    <ClInclude Include="entities\DirectionalLight_t.h">
      <Filter>Fichiers d%27en-tête\entities</Filter>
    </ClInclude>
    <ClInclude Include="entities\ImgBuffer_t.h">
      <Filter>Fichiers d%27en-tête\entities</Filter>
    </ClInclude>
    <ClInclude Include="entities\ImgBufferOpenGL_t.h">
      <Filter>Fichiers d%27en-tête\entities</Filter>
    </ClInclude>
    <ClInclude Include="entities\Material_t.h">
      <Filter>Fichiers d%27en-tête\entities</Filter>
    </ClInclude>
    <ClInclude Include="entities\MaterialMap_t.h">
      <Filter>Fichiers d%27en-tête\entities</Filter>
    </ClInclude>
    <ClInclude Include="entities\MaterialMix_t.h">
      <Filter>Fichiers d%27en-tête\entities</Filter>
    </ClInclude>
    <ClInclude Include="entities\Medium_t.h">
      <Filter>Fichiers d%27en-tête\entities</Filter>
    </ClInclude>
    <ClInclude Include="entities\MeshGeometry_t.h">
      <Filter>Fichiers d%27en-tête\entities</Filter>
    </ClInclude>
    <ClInclude Include="entities\OpenGLRenderer_t.h">
      <Filter>Fichiers d%27en-tête\entities</Filter>
    </ClInclude>
    <ClInclude Include="entities\RandomGenerator_t.h">
      <Filter>Fichiers d%27en-tête\entities</Filter>
    </ClInclude>
    <ClInclude Include="entities\Ray_t.h">
      <Filter>Fichiers d%27en-tête\entities</Filter>
    </ClInclude>
    <ClInclude Include="entities\ScatteringFunction_t.h">
      <Filter>Fichiers d%27en-tête\entities</Filter>
    </ClInclude>
    <ClInclude Include="entities\Scene_t.h">
      <Filter>Fichiers d%27en-tête\entities</Filter>
    </ClInclude>
    <ClInclude Include="entities\SceneContext_t.h">
      <Filter>Fichiers d%27en-tête\entities</Filter>
    </ClInclude>
    <ClInclude Include="entities\Shape_t.h">
      <Filter>Fichiers d%27en-tête\entities</Filter>
    </ClInclude>
    <ClInclude Include="entities\Skybox_t.h">
      <Filter>Fichiers d%27en-tête\entities</Filter>
    </ClInclude>
    <ClInclude Include="entities\Texture_t.h">
      <Filter>Fichiers d%27en-tête\entities</Filter>
    </ClInclude>
    <ClInclude Include="entities\TransformMatrix_t.h">
      <Filter>Fichiers d%27en-tête\entities</Filter>
    </ClInclude>
    <ClInclude Include="entities\Vec3f.h">
      <Filter>Fichiers d%27en-tête\entities</Filter>
    </ClInclude>
    <ClInclude Include="functions\CImg.h">
      <Filter>Fichiers d%27en-tête\functions</Filter>
    </ClInclude>
    <ClInclude Include="functions\Colours.h">
      <Filter>Fichiers d%27en-tête\functions</Filter>
    </ClInclude>
    <ClInclude Include="functions\NextFilename.h">
      <Filter>Fichiers d%27en-tête\functions</Filter>
    </ClInclude>
    <ClInclude Include="functions\Slerp.h">
      <Filter>Fichiers d%27en-tête\functions</Filter>
    </ClInclude>
    <ClInclude Include="functions\tinyxml2.h">
      <Filter>Fichiers d%27en-tête\functions</Filter>
    </ClInclude>
    <ClInclude Include="materials\Absorber_t.h">
      <Filter>Fichiers d%27en-tête\materials</Filter>
    </ClInclude>
    <ClInclude Include="materials\BounceMaterial_t.h">
      <Filter>Fichiers d%27en-tête\materials</Filter>
    </ClInclude>
    <ClInclude Include="materials\Diffuse_t.h">
      <Filter>Fichiers d%27en-tête\materials</Filter>
    </ClInclude>
    <ClInclude Include="materials\DiffuseFull_t.h">
      <Filter>Fichiers d%27en-tête\materials</Filter>
    </ClInclude>
    <ClInclude Include="materials\DiffuseTex_t.h">
      <Filter>Fichiers d%27en-tête\materials</Filter>
    </ClInclude>
    <ClInclude Include="materials\DistanceMaterial_t.h">
      <Filter>Fichiers d%27en-tête\materials</Filter>
    </ClInclude>
    <ClInclude Include="materials\FresnelMix_t.h">
      <Filter>Fichiers d%27en-tête\materials</Filter>
    </ClInclude>
    <ClInclude Include="materials\FresnelMixIn_t.h">
      <Filter>Fichiers d%27en-tête\materials</Filter>
    </ClInclude>
    <ClInclude Include="materials\NonAbsorber_t.h">
      <Filter>Fichiers d%27en-tête\materials</Filter>
    </ClInclude>
    <ClInclude Include="materials\NormalMaterial_t.h">
      <Filter>Fichiers d%27en-tête\materials</Filter>
    </ClInclude>
    <ClInclude Include="materials\Portal_t.h">
      <Filter>Fichiers d%27en-tête\materials</Filter>
    </ClInclude>
    <ClInclude Include="materials\PortalScatterer_t.h">
      <Filter>Fichiers d%27en-tête\materials</Filter>
    </ClInclude>
    <ClInclude Include="materials\PortalScattererTop_t.h">
      <Filter>Fichiers d%27en-tête\materials</Filter>
    </ClInclude>
    <ClInclude Include="materials\PortalTop_t.h">
      <Filter>Fichiers d%27en-tête\materials</Filter>
    </ClInclude>
    <ClInclude Include="materials\RandomMix_t.h">
      <Filter>Fichiers d%27en-tête\materials</Filter>
    </ClInclude>
    <ClInclude Include="materials\RandomMixIn_t.h">
      <Filter>Fichiers d%27en-tête\materials</Filter>
    </ClInclude>
    <ClInclude Include="materials\Reflective_t.h">
      <Filter>Fichiers d%27en-tête\materials</Filter>
    </ClInclude>
    <ClInclude Include="materials\ReflectiveFuzz_t.h">
      <Filter>Fichiers d%27en-tête\materials</Filter>
    </ClInclude>
    <ClInclude Include="materials\ReflectiveFuzzTex_t.h">
      <Filter>Fichiers d%27en-tête\materials</Filter>
    </ClInclude>
    <ClInclude Include="materials\ReflectiveRefractive_t.h">
      <Filter>Fichiers d%27en-tête\materials</Filter>
    </ClInclude>
    <ClInclude Include="materials\ReflectiveRefractiveFuzz_t.h">
      <Filter>Fichiers d%27en-tête\materials</Filter>
    </ClInclude>
    <ClInclude Include="materials\Refractive_t.h">
      <Filter>Fichiers d%27en-tête\materials</Filter>
    </ClInclude>
    <ClInclude Include="materials\RefractiveFuzz_t.h">
      <Filter>Fichiers d%27en-tête\materials</Filter>
    </ClInclude>
    <ClInclude Include="materials\Scatterer_t.h">
      <Filter>Fichiers d%27en-tête\materials</Filter>
    </ClInclude>
    <ClInclude Include="materials\ScattererExp_t.h">
      <Filter>Fichiers d%27en-tête\materials</Filter>
    </ClInclude>
    <ClInclude Include="materials\ScattererExpFull_t.h">
      <Filter>Fichiers d%27en-tête\materials</Filter>
    </ClInclude>
    <ClInclude Include="materials\ScattererFull_t.h">
      <Filter>Fichiers d%27en-tête\materials</Filter>
    </ClInclude>
    <ClInclude Include="materials\Toon_t.h">
      <Filter>Fichiers d%27en-tête\materials</Filter>
    </ClInclude>
    <ClInclude Include="materials\Transparent_t.h">
      <Filter>Fichiers d%27en-tête\materials</Filter>
    </ClInclude>
    <ClInclude Include="shapes\Box_t.h">
      <Filter>Fichiers d%27en-tête\shapes</Filter>
    </ClInclude>
    <ClInclude Include="shapes\Mesh_t.h">
      <Filter>Fichiers d%27en-tête\shapes</Filter>
    </ClInclude>
    <ClInclude Include="shapes\MeshMotionblur_t.h">
      <Filter>Fichiers d%27en-tête\shapes</Filter>
    </ClInclude>
    <ClInclude Include="shapes\MeshTop_t.h">
      <Filter>Fichiers d%27en-tête\shapes</Filter>
    </ClInclude>
    <ClInclude Include="shapes\Sphere_t.h">
      <Filter>Fichiers d%27en-tête\shapes</Filter>
    </ClInclude>
    <ClInclude Include="shapes\SphereMotionblur_t.h">
      <Filter>Fichiers d%27en-tête\shapes</Filter>
    </ClInclude>
    <ClInclude Include="shapes\Triangle_t.h">
      <Filter>Fichiers d%27en-tête\shapes</Filter>
    </ClInclude>
    <ClInclude Include="shapes\TriangleMesh_t.h">
      <Filter>Fichiers d%27en-tête\shapes</Filter>
    </ClInclude>
    <ClInclude Include="shapes\TriangleMeshMotionblur_t.h">
      <Filter>Fichiers d%27en-tête\shapes</Filter>
    </ClInclude>
    <ClInclude Include="shapes\TriangleMotionblur_t.h">
      <Filter>Fichiers d%27en-tête\shapes</Filter>
    </ClInclude>
    <ClInclude Include="skyboxes\SkyboxFlat_t.h">
      <Filter>Fichiers d%27en-tête\skyboxes</Filter>
    </ClInclude>
    <ClInclude Include="skyboxes\SkyboxFlatSun_t.h">
      <Filter>Fichiers d%27en-tête\skyboxes</Filter>
    </ClInclude>
    <ClInclude Include="skyboxes\SkyboxTexture_t.h">
      <Filter>Fichiers d%27en-tête\skyboxes</Filter>
    </ClInclude>
    <ClInclude Include="skyboxes\SkyboxTextureSun_t.h">
      <Filter>Fichiers d%27en-tête\skyboxes</Filter>
    </ClInclude>
    <ClInclude Include="skyboxes\SkyboxTextureTransformation_t.h">
      <Filter>Fichiers d%27en-tête\skyboxes</Filter>
    </ClInclude>
    <ClInclude Include="skyboxes\SkyboxTextureTransformationSun_t.h">
      <Filter>Fichiers d%27en-tête\skyboxes</Filter>
    </ClInclude>
  </ItemGroup>
  <ItemGroup>
    <ClCompile Include="acceleration\AccelerationGrid_t.cpp">
      <Filter>Fichiers sources\acceleration</Filter>
    </ClCompile>
    <ClCompile Include="acceleration\AccelerationGridArray_t.cpp">
      <Filter>Fichiers sources\acceleration</Filter>
    </ClCompile>
    <ClCompile Include="acceleration\AccelerationGridVector_t.cpp">
      <Filter>Fichiers sources\acceleration</Filter>
    </ClCompile>
    <ClCompile Include="acceleration\AccelerationMultiGrid_t.cpp">
      <Filter>Fichiers sources\acceleration</Filter>
    </ClCompile>
    <ClCompile Include="acceleration\AccelerationMultiGridArray_t.cpp">
      <Filter>Fichiers sources\acceleration</Filter>
    </ClCompile>
    <ClCompile Include="acceleration\AccelerationMultiGridVector_t.cpp">
      <Filter>Fichiers sources\acceleration</Filter>
    </ClCompile>
    <ClCompile Include="acceleration\GridCell_t.cpp">
      <Filter>Fichiers sources\acceleration</Filter>
    </ClCompile>
    <ClCompile Include="acceleration\GridCellArray_t.cpp">
      <Filter>Fichiers sources\acceleration</Filter>
    </ClCompile>
    <ClCompile Include="acceleration\GridCellVector_t.cpp">
      <Filter>Fichiers sources\acceleration</Filter>
    </ClCompile>
    <ClCompile Include="cameras\Cam_t.cpp">
      <Filter>Fichiers sources\cameras</Filter>
    </ClCompile>
    <ClCompile Include="cameras\Cam3D_t.cpp">
      <Filter>Fichiers sources\cameras</Filter>
    </ClCompile>
    <ClCompile Include="cameras\Cam3DAperture_t.cpp">
      <Filter>Fichiers sources\cameras</Filter>
    </ClCompile>
    <ClCompile Include="cameras\Cam3DMotionblur_t.cpp">
      <Filter>Fichiers sources\cameras</Filter>
    </ClCompile>
    <ClCompile Include="cameras\Cam3DMotionblurAperture_t.cpp">
      <Filter>Fichiers sources\cameras</Filter>
    </ClCompile>
    <ClCompile Include="cameras\CamAperture_t.cpp">
      <Filter>Fichiers sources\cameras</Filter>
    </ClCompile>
    <ClCompile Include="cameras\CamMotionblur_t.cpp">
      <Filter>Fichiers sources\cameras</Filter>
    </ClCompile>
    <ClCompile Include="cameras\CamMotionblurAperture_t.cpp">
      <Filter>Fichiers sources\cameras</Filter>
    </ClCompile>
    <ClCompile Include="cameras\IsoCam_t.cpp">
      <Filter>Fichiers sources\cameras</Filter>
    </ClCompile>
    <ClCompile Include="cameras\IsoCamAperture_t.cpp">
      <Filter>Fichiers sources\cameras</Filter>
    </ClCompile>
    <ClCompile Include="cameras\IsoCamMotionblur_t.cpp">
      <Filter>Fichiers sources\cameras</Filter>
    </ClCompile>
    <ClCompile Include="cameras\IsoCamMotionblurAperture_t.cpp">
      <Filter>Fichiers sources\cameras</Filter>
    </ClCompile>
    <ClCompile Include="cameras\RecCam_t.cpp">
      <Filter>Fichiers sources\cameras</Filter>
    </ClCompile>
    <ClCompile Include="cameras\RecCamAperture_t.cpp">
      <Filter>Fichiers sources\cameras</Filter>
    </ClCompile>
    <ClCompile Include="cameras\RecCamMotionblur_t.cpp">
      <Filter>Fichiers sources\cameras</Filter>
    </ClCompile>
    <ClCompile Include="cameras\RecCamMotionblurAperture_t.cpp">
      <Filter>Fichiers sources\cameras</Filter>
    </ClCompile>
    <ClCompile Include="entities\Camera_t.cpp">
      <Filter>Fichiers sources\entities</Filter>
    </ClCompile>
    <ClCompile Include="entities\DirectionalLight_t.cpp">
      <Filter>Fichiers sources\entities</Filter>
    </ClCompile>
    <ClCompile Include="entities\ImgBuffer_t.cpp">
      <Filter>Fichiers sources\entities</Filter>
    </ClCompile>
    <ClCompile Include="entities\ImgBufferOpenGL_t.cpp">
      <Filter>Fichiers sources\entities</Filter>
    </ClCompile>
    <ClCompile Include="entities\MaterialMap_t.cpp">
      <Filter>Fichiers sources\entities</Filter>
    </ClCompile>
    <ClCompile Include="entities\MeshGeometry_t.cpp">
      <Filter>Fichiers sources\entities</Filter>
    </ClCompile>
    <ClCompile Include="entities\OpenGLRenderer_t.cpp">
      <Filter>Fichiers sources\entities</Filter>
    </ClCompile>
    <ClCompile Include="entities\RandomGenerator_t.cpp">
      <Filter>Fichiers sources\entities</Filter>
    </ClCompile>
    <ClCompile Include="entities\Ray_t.cpp">
      <Filter>Fichiers sources\entities</Filter>
    </ClCompile>
    <ClCompile Include="entities\Scene_t.cpp">
      <Filter>Fichiers sources\entities</Filter>
    </ClCompile>
    <ClCompile Include="entities\SceneContext_t.cpp">
      <Filter>Fichiers sources\entities</Filter>
    </ClCompile>
    <ClCompile Include="entities\Texture_t.cpp">
      <Filter>Fichiers sources\entities</Filter>
    </ClCompile>
    <ClCompile Include="entities\TransformMatrix_t.cpp">
      <Filter>Fichiers sources\entities</Filter>
    </ClCompile>
    <ClCompile Include="entities\Vec3f.cpp">
      <Filter>Fichiers sources\entities</Filter>
    </ClCompile>
    <ClCompile Include="functions\Colours.cpp">
      <Filter>Fichiers sources\functions</Filter>
    </ClCompile>
    <ClCompile Include="functions\NextFilename.cpp">
      <Filter>Fichiers sources\functions</Filter>
    </ClCompile>
    <ClCompile Include="functions\Slerp.cpp">
      <Filter>Fichiers sources\functions</Filter>
    </ClCompile>
    <ClCompile Include="functions\tinyxml2.cpp">
      <Filter>Fichiers sources\functions</Filter>
    </ClCompile>
    <ClCompile Include="materials\Absorber_t.cpp">
      <Filter>Fichiers sources\materials</Filter>
    </ClCompile>
    <ClCompile Include="materials\BounceMaterial_t.cpp">
      <Filter>Fichiers sources\materials</Filter>
    </ClCompile>
    <ClCompile Include="materials\Diffuse_t.cpp">
      <Filter>Fichiers sources\materials</Filter>
    </ClCompile>
    <ClCompile Include="materials\DiffuseFull_t.cpp">
      <Filter>Fichiers sources\materials</Filter>
    </ClCompile>
    <ClCompile Include="materials\DiffuseTex_t.cpp">
      <Filter>Fichiers sources\materials</Filter>
    </ClCompile>
    <ClCompile Include="materials\DistanceMaterial_t.cpp">
      <Filter>Fichiers sources\materials</Filter>
    </ClCompile>
    <ClCompile Include="materials\FresnelMix_t.cpp">
      <Filter>Fichiers sources\materials</Filter>
    </ClCompile>
    <ClCompile Include="materials\FresnelMixIn_t.cpp">
      <Filter>Fichiers sources\materials</Filter>
    </ClCompile>
    <ClCompile Include="materials\NonAbsorber_t.cpp">
      <Filter>Fichiers sources\materials</Filter>
    </ClCompile>
    <ClCompile Include="materials\NormalMaterial_t.cpp">
      <Filter>Fichiers sources\materials</Filter>
    </ClCompile>
    <ClCompile Include="materials\Portal_t.cpp">
      <Filter>Fichiers sources\materials</Filter>
    </ClCompile>
    <ClCompile Include="materials\PortalScatterer_t.cpp">
      <Filter>Fichiers sources\materials</Filter>
    </ClCompile>
    <ClCompile Include="materials\PortalScattererTop_t.cpp">
      <Filter>Fichiers sources\materials</Filter>
    </ClCompile>
    <ClCompile Include="materials\PortalTop_t.cpp">
      <Filter>Fichiers sources\materials</Filter>
    </ClCompile>
    <ClCompile Include="materials\RandomMix_t.cpp">
      <Filter>Fichiers sources\materials</Filter>
    </ClCompile>
    <ClCompile Include="materials\RandomMixIn_t.cpp">
      <Filter>Fichiers sources\materials</Filter>
    </ClCompile>
    <ClCompile Include="materials\Reflective_t.cpp">
      <Filter>Fichiers sources\materials</Filter>
    </ClCompile>
    <ClCompile Include="materials\ReflectiveFuzz_t.cpp">
      <Filter>Fichiers sources\materials</Filter>
    </ClCompile>
    <ClCompile Include="materials\ReflectiveFuzzTex_t.cpp">
      <Filter>Fichiers sources\materials</Filter>
    </ClCompile>
    <ClCompile Include="materials\ReflectiveRefractive_t.cpp">
      <Filter>Fichiers sources\materials</Filter>
    </ClCompile>
    <ClCompile Include="materials\ReflectiveRefractiveFuzz_t.cpp">
      <Filter>Fichiers sources\materials</Filter>
    </ClCompile>
    <ClCompile Include="materials\Refractive_t.cpp">
      <Filter>Fichiers sources\materials</Filter>
    </ClCompile>
    <ClCompile Include="materials\RefractiveFuzz_t.cpp">
      <Filter>Fichiers sources\materials</Filter>
    </ClCompile>
    <ClCompile Include="materials\Scatterer_t.cpp">
      <Filter>Fichiers sources\materials</Filter>
    </ClCompile>
    <ClCompile Include="materials\ScattererExp_t.cpp">
      <Filter>Fichiers sources\materials</Filter>
    </ClCompile>
    <ClCompile Include="materials\ScattererExpFull_t.cpp">
      <Filter>Fichiers sources\materials</Filter>
    </ClCompile>
    <ClCompile Include="materials\ScattererFull_t.cpp">
      <Filter>Fichiers sources\materials</Filter>
    </ClCompile>
    <ClCompile Include="materials\Toon_t.cpp">
      <Filter>Fichiers sources\materials</Filter>
    </ClCompile>
    <ClCompile Include="materials\Transparent_t.cpp">
      <Filter>Fichiers sources\materials</Filter>
    </ClCompile>
    <ClCompile Include="shapes\Box_t.cpp">
      <Filter>Fichiers sources\shapes</Filter>
    </ClCompile>
    <ClCompile Include="shapes\Mesh_t.cpp">
      <Filter>Fichiers sources\shapes</Filter>
    </ClCompile>
    <ClCompile Include="shapes\MeshMotionblur_t.cpp">
      <Filter>Fichiers sources\shapes</Filter>
    </ClCompile>
    <ClCompile Include="shapes\MeshTop_t.cpp">
      <Filter>Fichiers sources\shapes</Filter>
    </ClCompile>
    <ClCompile Include="shapes\Sphere_t.cpp">
      <Filter>Fichiers sources\shapes</Filter>
    </ClCompile>
    <ClCompile Include="shapes\SphereMotionblur_t.cpp">
      <Filter>Fichiers sources\shapes</Filter>
    </ClCompile>
    <ClCompile Include="shapes\Triangle_t.cpp">
      <Filter>Fichiers sources\shapes</Filter>
    </ClCompile>
    <ClCompile Include="shapes\TriangleMesh_t.cpp">
      <Filter>Fichiers sources\shapes</Filter>
    </ClCompile>
    <ClCompile Include="shapes\TriangleMeshMotionblur_t.cpp">
      <Filter>Fichiers sources\shapes</Filter>
    </ClCompile>
    <ClCompile Include="shapes\TriangleMotionblur_t.cpp">
      <Filter>Fichiers sources\shapes</Filter>
    </ClCompile>
    <ClCompile Include="skyboxes\SkyboxFlat_t.cpp">
      <Filter>Fichiers sources\skyboxes</Filter>
    </ClCompile>
    <ClCompile Include="skyboxes\SkyboxFlatSun_t.cpp">
      <Filter>Fichiers sources\skyboxes</Filter>
    </ClCompile>
    <ClCompile Include="skyboxes\SkyboxTexture_t.cpp">
      <Filter>Fichiers sources\skyboxes</Filter>
    </ClCompile>
    <ClCompile Include="skyboxes\SkyboxTextureSun_t.cpp">
      <Filter>Fichiers sources\skyboxes</Filter>
    </ClCompile>
    <ClCompile Include="skyboxes\SkyboxTextureTransformation_t.cpp">
      <Filter>Fichiers sources\skyboxes</Filter>
    </ClCompile>
    <ClCompile Include="skyboxes\SkyboxTextureTransformationSun_t.cpp">
      <Filter>Fichiers sources\skyboxes</Filter>
    </ClCompile>
    <ClCompile Include="main.cpp">
      <Filter>Fichiers sources</Filter>
    </ClCompile>
  </ItemGroup>
</Project>